// !$*UTF8*$!
{
	archiveVersion = 1;
	classes = {
	};
	objectVersion = 46;
	objects = {

/* Begin PBXBuildFile section */
		9C1ACE7C1D345E18006635BE /* main.m in Sources */ = {isa = PBXBuildFile; fileRef = 9C1ACE7B1D345E18006635BE /* main.m */; };
		9C1ACE7F1D345E18006635BE /* AppDelegate.m in Sources */ = {isa = PBXBuildFile; fileRef = 9C1ACE7E1D345E18006635BE /* AppDelegate.m */; };
		9C1ACE821D345E18006635BE /* ViewController.m in Sources */ = {isa = PBXBuildFile; fileRef = 9C1ACE811D345E18006635BE /* ViewController.m */; };
		9C1ACE851D345E18006635BE /* Main.storyboard in Resources */ = {isa = PBXBuildFile; fileRef = 9C1ACE831D345E18006635BE /* Main.storyboard */; };
		9C1ACE871D345E18006635BE /* Assets.xcassets in Resources */ = {isa = PBXBuildFile; fileRef = 9C1ACE861D345E18006635BE /* Assets.xcassets */; };
		9C1ACE8A1D345E18006635BE /* LaunchScreen.storyboard in Resources */ = {isa = PBXBuildFile; fileRef = 9C1ACE881D345E18006635BE /* LaunchScreen.storyboard */; };
		9C1ACE931D347649006635BE /* SecondaryViewController.m in Sources */ = {isa = PBXBuildFile; fileRef = 9C1ACE921D347649006635BE /* SecondaryViewController.m */; };
/* End PBXBuildFile section */

/* Begin PBXFileReference section */
		9C1ACE771D345E18006635BE /* ScrollView Image Galleries.app */ = {isa = PBXFileReference; explicitFileType = wrapper.application; includeInIndex = 0; path = "ScrollView Image Galleries.app"; sourceTree = BUILT_PRODUCTS_DIR; };
		9C1ACE7B1D345E18006635BE /* main.m */ = {isa = PBXFileReference; lastKnownFileType = sourcecode.c.objc; path = main.m; sourceTree = "<group>"; };
		9C1ACE7D1D345E18006635BE /* AppDelegate.h */ = {isa = PBXFileReference; lastKnownFileType = sourcecode.c.h; path = AppDelegate.h; sourceTree = "<group>"; };
		9C1ACE7E1D345E18006635BE /* AppDelegate.m */ = {isa = PBXFileReference; lastKnownFileType = sourcecode.c.objc; path = AppDelegate.m; sourceTree = "<group>"; };
		9C1ACE801D345E18006635BE /* ViewController.h */ = {isa = PBXFileReference; lastKnownFileType = sourcecode.c.h; path = ViewController.h; sourceTree = "<group>"; };
		9C1ACE811D345E18006635BE /* ViewController.m */ = {isa = PBXFileReference; lastKnownFileType = sourcecode.c.objc; path = ViewController.m; sourceTree = "<group>"; };
		9C1ACE841D345E18006635BE /* Base */ = {isa = PBXFileReference; lastKnownFileType = file.storyboard; name = Base; path = Base.lproj/Main.storyboard; sourceTree = "<group>"; };
		9C1ACE861D345E18006635BE /* Assets.xcassets */ = {isa = PBXFileReference; lastKnownFileType = folder.assetcatalog; path = Assets.xcassets; sourceTree = "<group>"; };
		9C1ACE891D345E18006635BE /* Base */ = {isa = PBXFileReference; lastKnownFileType = file.storyboard; name = Base; path = Base.lproj/LaunchScreen.storyboard; sourceTree = "<group>"; };
		9C1ACE8B1D345E18006635BE /* Info.plist */ = {isa = PBXFileReference; lastKnownFileType = text.plist.xml; path = Info.plist; sourceTree = "<group>"; };
		9C1ACE911D347649006635BE /* SecondaryViewController.h */ = {isa = PBXFileReference; fileEncoding = 4; lastKnownFileType = sourcecode.c.h; path = SecondaryViewController.h; sourceTree = "<group>"; };
		9C1ACE921D347649006635BE /* SecondaryViewController.m */ = {isa = PBXFileReference; fileEncoding = 4; lastKnownFileType = sourcecode.c.objc; path = SecondaryViewController.m; sourceTree = "<group>"; };
/* End PBXFileReference section */

/* Begin PBXFrameworksBuildPhase section */
		9C1ACE741D345E18006635BE /* Frameworks */ = {
			isa = PBXFrameworksBuildPhase;
			buildActionMask = 2147483647;
			files = (
			);
			runOnlyForDeploymentPostprocessing = 0;
		};
/* End PBXFrameworksBuildPhase section */

/* Begin PBXGroup section */
		9C1ACE6E1D345E18006635BE = {
			isa = PBXGroup;
			children = (
				9C1ACE791D345E18006635BE /* ScrollView Image Galleries */,
				9C1ACE781D345E18006635BE /* Products */,
			);
			sourceTree = "<group>";
		};
		9C1ACE781D345E18006635BE /* Products */ = {
			isa = PBXGroup;
			children = (
				9C1ACE771D345E18006635BE /* ScrollView Image Galleries.app */,
			);
			name = Products;
			sourceTree = "<group>";
		};
		9C1ACE791D345E18006635BE /* ScrollView Image Galleries */ = {
			isa = PBXGroup;
			children = (
				9C1ACE7D1D345E18006635BE /* AppDelegate.h */,
				9C1ACE7E1D345E18006635BE /* AppDelegate.m */,
				9C1ACE911D347649006635BE /* SecondaryViewController.h */,
				9C1ACE921D347649006635BE /* SecondaryViewController.m */,
				9C1ACE801D345E18006635BE /* ViewController.h */,
				9C1ACE811D345E18006635BE /* ViewController.m */,
				9C1ACE831D345E18006635BE /* Main.storyboard */,
				9C1ACE861D345E18006635BE /* Assets.xcassets */,
				9C1ACE881D345E18006635BE /* LaunchScreen.storyboard */,
				9C1ACE8B1D345E18006635BE /* Info.plist */,
				9C1ACE7A1D345E18006635BE /* Supporting Files */,
			);
			path = "ScrollView Image Galleries";
			sourceTree = "<group>";
		};
		9C1ACE7A1D345E18006635BE /* Supporting Files */ = {
			isa = PBXGroup;
			children = (
				9C1ACE7B1D345E18006635BE /* main.m */,
			);
			name = "Supporting Files";
			sourceTree = "<group>";
		};
/* End PBXGroup section */

/* Begin PBXNativeTarget section */
		9C1ACE761D345E18006635BE /* ScrollView Image Galleries */ = {
			isa = PBXNativeTarget;
			buildConfigurationList = 9C1ACE8E1D345E18006635BE /* Build configuration list for PBXNativeTarget "ScrollView Image Galleries" */;
			buildPhases = (
				9C1ACE731D345E18006635BE /* Sources */,
				9C1ACE741D345E18006635BE /* Frameworks */,
				9C1ACE751D345E18006635BE /* Resources */,
			);
			buildRules = (
			);
			dependencies = (
			);
			name = "ScrollView Image Galleries";
			productName = "ScrollView Image Galleries";
			productReference = 9C1ACE771D345E18006635BE /* ScrollView Image Galleries.app */;
			productType = "com.apple.product-type.application";
		};
/* End PBXNativeTarget section */

/* Begin PBXProject section */
		9C1ACE6F1D345E18006635BE /* Project object */ = {
			isa = PBXProject;
			attributes = {
				LastUpgradeCheck = 0730;
				ORGANIZATIONNAME = "Martin Zhang";
				TargetAttributes = {
					9C1ACE761D345E18006635BE = {
						CreatedOnToolsVersion = 7.3;
						DevelopmentTeam = P5MV78SBAE;
					};
				};
			};
			buildConfigurationList = 9C1ACE721D345E18006635BE /* Build configuration list for PBXProject "ScrollView Image Galleries" */;
			compatibilityVersion = "Xcode 3.2";
			developmentRegion = English;
			hasScannedForEncodings = 0;
			knownRegions = (
				en,
				Base,
			);
			mainGroup = 9C1ACE6E1D345E18006635BE;
			productRefGroup = 9C1ACE781D345E18006635BE /* Products */;
			projectDirPath = "";
			projectRoot = "";
			targets = (
				9C1ACE761D345E18006635BE /* ScrollView Image Galleries */,
			);
		};
/* End PBXProject section */

/* Begin PBXResourcesBuildPhase section */
		9C1ACE751D345E18006635BE /* Resources */ = {
			isa = PBXResourcesBuildPhase;
			buildActionMask = 2147483647;
			files = (
				9C1ACE8A1D345E18006635BE /* LaunchScreen.storyboard in Resources */,
				9C1ACE871D345E18006635BE /* Assets.xcassets in Resources */,
				9C1ACE851D345E18006635BE /* Main.storyboard in Resources */,
			);
			runOnlyForDeploymentPostprocessing = 0;
		};
/* End PBXResourcesBuildPhase section */

/* Begin PBXSourcesBuildPhase section */
		9C1ACE731D345E18006635BE /* Sources */ = {
			isa = PBXSourcesBuildPhase;
			buildActionMask = 2147483647;
			files = (
				9C1ACE821D345E18006635BE /* ViewController.m in Sources */,
				9C1ACE7F1D345E18006635BE /* AppDelegate.m in Sources */,
				9C1ACE7C1D345E18006635BE /* main.m in Sources */,
				9C1ACE931D347649006635BE /* SecondaryViewController.m in Sources */,
			);
			runOnlyForDeploymentPostprocessing = 0;
		};
/* End PBXSourcesBuildPhase section */

/* Begin PBXVariantGroup section */
		9C1ACE831D345E18006635BE /* Main.storyboard */ = {
			isa = PBXVariantGroup;
			children = (
				9C1ACE841D345E18006635BE /* Base */,
			);
			name = Main.storyboard;
			sourceTree = "<group>";
		};
		9C1ACE881D345E18006635BE /* LaunchScreen.storyboard */ = {
			isa = PBXVariantGroup;
			children = (
				9C1ACE891D345E18006635BE /* Base */,
			);
			name = LaunchScreen.storyboard;
			sourceTree = "<group>";
		};
/* End PBXVariantGroup section */

/* Begin XCBuildConfiguration section */
		9C1ACE8C1D345E18006635BE /* Debug */ = {
			isa = XCBuildConfiguration;
			buildSettings = {
				ALWAYS_SEARCH_USER_PATHS = NO;
				CLANG_ANALYZER_NONNULL = YES;
				CLANG_CXX_LANGUAGE_STANDARD = "gnu++0x";
				CLANG_CXX_LIBRARY = "libc++";
				CLANG_ENABLE_MODULES = YES;
				CLANG_ENABLE_OBJC_ARC = YES;
				CLANG_WARN_BOOL_CONVERSION = YES;
				CLANG_WARN_CONSTANT_CONVERSION = YES;
				CLANG_WARN_DIRECT_OBJC_ISA_USAGE = YES_ERROR;
				CLANG_WARN_EMPTY_BODY = YES;
				CLANG_WARN_ENUM_CONVERSION = YES;
				CLANG_WARN_INT_CONVERSION = YES;
				CLANG_WARN_OBJC_ROOT_CLASS = YES_ERROR;
				CLANG_WARN_UNREACHABLE_CODE = YES;
				CLANG_WARN__DUPLICATE_METHOD_MATCH = YES;
				"CODE_SIGN_IDENTITY[sdk=iphoneos*]" = "iPhone Developer";
				COPY_PHASE_STRIP = NO;
				DEBUG_INFORMATION_FORMAT = dwarf;
				ENABLE_STRICT_OBJC_MSGSEND = YES;
				ENABLE_TESTABILITY = YES;
				GCC_C_LANGUAGE_STANDARD = gnu99;
				GCC_DYNAMIC_NO_PIC = NO;
				GCC_NO_COMMON_BLOCKS = YES;
				GCC_OPTIMIZATION_LEVEL = 0;
				GCC_PREPROCESSOR_DEFINITIONS = (
					"DEBUG=1",
					"$(inherited)",
				);
				GCC_WARN_64_TO_32_BIT_CONVERSION = YES;
				GCC_WARN_ABOUT_RETURN_TYPE = YES_ERROR;
				GCC_WARN_UNDECLARED_SELECTOR = YES;
				GCC_WARN_UNINITIALIZED_AUTOS = YES_AGGRESSIVE;
				GCC_WARN_UNUSED_FUNCTION = YES;
				GCC_WARN_UNUSED_VARIABLE = YES;
				IPHONEOS_DEPLOYMENT_TARGET = 9.3;
				MTL_ENABLE_DEBUG_INFO = YES;
				ONLY_ACTIVE_ARCH = YES;
				SDKROOT = iphoneos;
			};
			name = Debug;
		};
		9C1ACE8D1D345E18006635BE /* Release */ = {
			isa = XCBuildConfiguration;
			buildSettings = {
				ALWAYS_SEARCH_USER_PATHS = NO;
				CLANG_ANALYZER_NONNULL = YES;
				CLANG_CXX_LANGUAGE_STANDARD = "gnu++0x";
				CLANG_CXX_LIBRARY = "libc++";
				CLANG_ENABLE_MODULES = YES;
				CLANG_ENABLE_OBJC_ARC = YES;
				CLANG_WARN_BOOL_CONVERSION = YES;
				CLANG_WARN_CONSTANT_CONVERSION = YES;
				CLANG_WARN_DIRECT_OBJC_ISA_USAGE = YES_ERROR;
				CLANG_WARN_EMPTY_BODY = YES;
				CLANG_WARN_ENUM_CONVERSION = YES;
				CLANG_WARN_INT_CONVERSION = YES;
				CLANG_WARN_OBJC_ROOT_CLASS = YES_ERROR;
				CLANG_WARN_UNREACHABLE_CODE = YES;
				CLANG_WARN__DUPLICATE_METHOD_MATCH = YES;
				"CODE_SIGN_IDENTITY[sdk=iphoneos*]" = "iPhone Developer";
				COPY_PHASE_STRIP = NO;
				DEBUG_INFORMATION_FORMAT = "dwarf-with-dsym";
				ENABLE_NS_ASSERTIONS = NO;
				ENABLE_STRICT_OBJC_MSGSEND = YES;
				GCC_C_LANGUAGE_STANDARD = gnu99;
				GCC_NO_COMMON_BLOCKS = YES;
				GCC_WARN_64_TO_32_BIT_CONVERSION = YES;
				GCC_WARN_ABOUT_RETURN_TYPE = YES_ERROR;
				GCC_WARN_UNDECLARED_SELECTOR = YES;
				GCC_WARN_UNINITIALIZED_AUTOS = YES_AGGRESSIVE;
				GCC_WARN_UNUSED_FUNCTION = YES;
				GCC_WARN_UNUSED_VARIABLE = YES;
				IPHONEOS_DEPLOYMENT_TARGET = 9.3;
				MTL_ENABLE_DEBUG_INFO = NO;
				SDKROOT = iphoneos;
				VALIDATE_PRODUCT = YES;
			};
			name = Release;
		};
		9C1ACE8F1D345E18006635BE /* Debug */ = {
			isa = XCBuildConfiguration;
			buildSettings = {
				ASSETCATALOG_COMPILER_APPICON_NAME = AppIcon;
				INFOPLIST_FILE = "ScrollView Image Galleries/Info.plist";
				LD_RUNPATH_SEARCH_PATHS = "$(inherited) @executable_path/Frameworks";
				PRODUCT_BUNDLE_IDENTIFIER = "com.martinzhang.ScrollView-Image-Galleries";
				PRODUCT_NAME = "$(TARGET_NAME)";
			};
			name = Debug;
		};
		9C1ACE901D345E18006635BE /* Release */ = {
			isa = XCBuildConfiguration;
			buildSettings = {
				ASSETCATALOG_COMPILER_APPICON_NAME = AppIcon;
				INFOPLIST_FILE = "ScrollView Image Galleries/Info.plist";
				LD_RUNPATH_SEARCH_PATHS = "$(inherited) @executable_path/Frameworks";
				PRODUCT_BUNDLE_IDENTIFIER = "com.martinzhang.ScrollView-Image-Galleries";
				PRODUCT_NAME = "$(TARGET_NAME)";
			};
			name = Release;
		};
/* End XCBuildConfiguration section */

/* Begin XCConfigurationList section */
		9C1ACE721D345E18006635BE /* Build configuration list for PBXProject "ScrollView Image Galleries" */ = {
			isa = XCConfigurationList;
			buildConfigurations = (
				9C1ACE8C1D345E18006635BE /* Debug */,
				9C1ACE8D1D345E18006635BE /* Release */,
			);
			defaultConfigurationIsVisible = 0;
			defaultConfigurationName = Release;
		};
		9C1ACE8E1D345E18006635BE /* Build configuration list for PBXNativeTarget "ScrollView Image Galleries" */ = {
			isa = XCConfigurationList;
			buildConfigurations = (
				9C1ACE8F1D345E18006635BE /* Debug */,
				9C1ACE901D345E18006635BE /* Release */,
			);
			defaultConfigurationIsVisible = 0;
			defaultConfigurationName = Release;
		};
/* End XCConfigurationList section */
	};
	rootObject = 9C1ACE6F1D345E18006635BE /* Project object */;
}
